
Microsoft Visual Studio Solution File, Format Version 12.00
# Visual Studio Version 16
VisualStudioVersion = 16.0.33529.622
MinimumVisualStudioVersion = 10.0.40219.1
Project("{FAE04EC0-301F-11D3-BF4B-00C04F79EFBC}") = "03_Find_The_Prime_Numbers", "03_Find_The_Prime_Numbers.csproj", "{BA9AD86E-B5E4-457B-B56C-A50316E7EA0E}"
EndProject
Global
	GlobalSection(SolutionConfigurationPlatforms) = preSolution
		Debug|Any CPU = Debug|Any CPU
		Release|Any CPU = Release|Any CPU
	EndGlobalSection
	GlobalSection(ProjectConfigurationPlatforms) = postSolution
		{BA9AD86E-B5E4-457B-B56C-A50316E7EA0E}.Debug|Any CPU.ActiveCfg = Debug|Any CPU
		{BA9AD86E-B5E4-457B-B56C-A50316E7EA0E}.Debug|Any CPU.Build.0 = Debug|Any CPU
		{BA9AD86E-B5E4-457B-B56C-A50316E7EA0E}.Release|Any CPU.ActiveCfg = Release|Any CPU
		{BA9AD86E-B5E4-457B-B56C-A50316E7EA0E}.Release|Any CPU.Build.0 = Release|Any CPU
	EndGlobalSection
	GlobalSection(SolutionProperties) = preSolution
		HideSolutionNode = FALSE
	EndGlobalSection
	GlobalSection(ExtensibilityGlobals) = postSolution
		SolutionGuid = {1E956163-37B6-4833-AC11-8EDBAFF03034}
	EndGlobalSection
EndGlobal
