
Microsoft Visual Studio Solution File, Format Version 12.00
# Visual Studio Version 16
VisualStudioVersion = 16.0.33529.622
MinimumVisualStudioVersion = 10.0.40219.1
Project("{FAE04EC0-301F-11D3-BF4B-00C04F79EFBC}") = "02_Nested_Swich", "02_Nested_Swich.csproj", "{97053E79-1B0D-40E6-92BA-DF9D7B5BA773}"
EndProject
Global
	GlobalSection(SolutionConfigurationPlatforms) = preSolution
		Debug|Any CPU = Debug|Any CPU
		Release|Any CPU = Release|Any CPU
	EndGlobalSection
	GlobalSection(ProjectConfigurationPlatforms) = postSolution
		{97053E79-1B0D-40E6-92BA-DF9D7B5BA773}.Debug|Any CPU.ActiveCfg = Debug|Any CPU
		{97053E79-1B0D-40E6-92BA-DF9D7B5BA773}.Debug|Any CPU.Build.0 = Debug|Any CPU
		{97053E79-1B0D-40E6-92BA-DF9D7B5BA773}.Release|Any CPU.ActiveCfg = Release|Any CPU
		{97053E79-1B0D-40E6-92BA-DF9D7B5BA773}.Release|Any CPU.Build.0 = Release|Any CPU
	EndGlobalSection
	GlobalSection(SolutionProperties) = preSolution
		HideSolutionNode = FALSE
	EndGlobalSection
	GlobalSection(ExtensibilityGlobals) = postSolution
		SolutionGuid = {CFF8C837-BBBB-45D8-873F-588580AAFF77}
	EndGlobalSection
EndGlobal
