
Microsoft Visual Studio Solution File, Format Version 12.00
# Visual Studio Version 16
VisualStudioVersion = 16.0.33529.622
MinimumVisualStudioVersion = 10.0.40219.1
Project("{FAE04EC0-301F-11D3-BF4B-00C04F79EFBC}") = "07.Table_Of_Numbers", "07.Table_Of_Numbers.csproj", "{20A9187C-B321-4571-B40F-699F81C3B6BE}"
EndProject
Global
	GlobalSection(SolutionConfigurationPlatforms) = preSolution
		Debug|Any CPU = Debug|Any CPU
		Release|Any CPU = Release|Any CPU
	EndGlobalSection
	GlobalSection(ProjectConfigurationPlatforms) = postSolution
		{20A9187C-B321-4571-B40F-699F81C3B6BE}.Debug|Any CPU.ActiveCfg = Debug|Any CPU
		{20A9187C-B321-4571-B40F-699F81C3B6BE}.Debug|Any CPU.Build.0 = Debug|Any CPU
		{20A9187C-B321-4571-B40F-699F81C3B6BE}.Release|Any CPU.ActiveCfg = Release|Any CPU
		{20A9187C-B321-4571-B40F-699F81C3B6BE}.Release|Any CPU.Build.0 = Release|Any CPU
	EndGlobalSection
	GlobalSection(SolutionProperties) = preSolution
		HideSolutionNode = FALSE
	EndGlobalSection
	GlobalSection(ExtensibilityGlobals) = postSolution
		SolutionGuid = {4966BA81-3BF8-4F48-9390-64BDFA8693A3}
	EndGlobalSection
EndGlobal
