
Microsoft Visual Studio Solution File, Format Version 12.00
# Visual Studio Version 16
VisualStudioVersion = 16.0.33529.622
MinimumVisualStudioVersion = 10.0.40219.1
Project("{FAE04EC0-301F-11D3-BF4B-00C04F79EFBC}") = "08.Factorial_Of_Number", "08.Factorial_Of_Number.csproj", "{98554003-DBF5-4054-92C5-28E9FD167872}"
EndProject
Global
	GlobalSection(SolutionConfigurationPlatforms) = preSolution
		Debug|Any CPU = Debug|Any CPU
		Release|Any CPU = Release|Any CPU
	EndGlobalSection
	GlobalSection(ProjectConfigurationPlatforms) = postSolution
		{98554003-DBF5-4054-92C5-28E9FD167872}.Debug|Any CPU.ActiveCfg = Debug|Any CPU
		{98554003-DBF5-4054-92C5-28E9FD167872}.Debug|Any CPU.Build.0 = Debug|Any CPU
		{98554003-DBF5-4054-92C5-28E9FD167872}.Release|Any CPU.ActiveCfg = Release|Any CPU
		{98554003-DBF5-4054-92C5-28E9FD167872}.Release|Any CPU.Build.0 = Release|Any CPU
	EndGlobalSection
	GlobalSection(SolutionProperties) = preSolution
		HideSolutionNode = FALSE
	EndGlobalSection
	GlobalSection(ExtensibilityGlobals) = postSolution
		SolutionGuid = {6AF50F66-4FD4-4B15-9778-63313DF75549}
	EndGlobalSection
EndGlobal
