
Microsoft Visual Studio Solution File, Format Version 12.00
# Visual Studio Version 16
VisualStudioVersion = 16.0.33529.622
MinimumVisualStudioVersion = 10.0.40219.1
Project("{FAE04EC0-301F-11D3-BF4B-00C04F79EFBC}") = "06.Fibonaci_Series", "06.Fibonaci_Series.csproj", "{11B47704-03C7-41CA-8F1D-249796C35F12}"
EndProject
Global
	GlobalSection(SolutionConfigurationPlatforms) = preSolution
		Debug|Any CPU = Debug|Any CPU
		Release|Any CPU = Release|Any CPU
	EndGlobalSection
	GlobalSection(ProjectConfigurationPlatforms) = postSolution
		{11B47704-03C7-41CA-8F1D-249796C35F12}.Debug|Any CPU.ActiveCfg = Debug|Any CPU
		{11B47704-03C7-41CA-8F1D-249796C35F12}.Debug|Any CPU.Build.0 = Debug|Any CPU
		{11B47704-03C7-41CA-8F1D-249796C35F12}.Release|Any CPU.ActiveCfg = Release|Any CPU
		{11B47704-03C7-41CA-8F1D-249796C35F12}.Release|Any CPU.Build.0 = Release|Any CPU
	EndGlobalSection
	GlobalSection(SolutionProperties) = preSolution
		HideSolutionNode = FALSE
	EndGlobalSection
	GlobalSection(ExtensibilityGlobals) = postSolution
		SolutionGuid = {3D5B73BC-FC0A-40DB-8492-541C22A896EF}
	EndGlobalSection
EndGlobal
